
Microsoft Visual Studio Solution File, Format Version 12.00
# Visual Studio Version 17
VisualStudioVersion = 17.6.33815.320
MinimumVisualStudioVersion = 10.0.40219.1
Project("{FAE04EC0-301F-11D3-BF4B-00C04F79EFBC}") = "Hackathon-SP2024", "Hackathon-SP2024\Hackathon-SP2024.csproj", "{65A10FCA-25F6-4C95-A58E-A9CEB9286062}"
EndProject
Global
	GlobalSection(SolutionConfigurationPlatforms) = preSolution
		Debug|Any CPU = Debug|Any CPU
		Release|Any CPU = Release|Any CPU
	EndGlobalSection
	GlobalSection(ProjectConfigurationPlatforms) = postSolution
		{65A10FCA-25F6-4C95-A58E-A9CEB9286062}.Debug|Any CPU.ActiveCfg = Debug|Any CPU
		{65A10FCA-25F6-4C95-A58E-A9CEB9286062}.Debug|Any CPU.Build.0 = Debug|Any CPU
		{65A10FCA-25F6-4C95-A58E-A9CEB9286062}.Release|Any CPU.ActiveCfg = Release|Any CPU
		{65A10FCA-25F6-4C95-A58E-A9CEB9286062}.Release|Any CPU.Build.0 = Release|Any CPU
	EndGlobalSection
	GlobalSection(SolutionProperties) = preSolution
		HideSolutionNode = FALSE
	EndGlobalSection
	GlobalSection(ExtensibilityGlobals) = postSolution
		SolutionGuid = {A627F5AE-16DF-4257-94E3-B8936C756B9B}
	EndGlobalSection
EndGlobal
